{
  "object": {
    "pins": [
      {
        "package": "Alamofire",
        "repositoryURL": "https://github.com/Alamofire/Alamofire.git",
        "state": {
          "branch": "master",
          "revision": "4e1103600bef06bd26e42564063e8fe8c25ef3d2",
          "version": null
        }
      },
      {
        "package": "Swifter",
        "repositoryURL": "https://github.com/mattdonnelly/Swifter",
        "state": {
          "branch": "master",
          "revision": "50682ebe64e4c08f18957ccfd16888f035c20755",
          "version": null
        }
      }
    ]
  },
  "version": 1
}
