// !$*UTF8*$!
{
	archiveVersion = 1;
	classes = {
	};
	objectVersion = 55;
	objects = {

/* Begin PBXBuildFile section */
		5D03F46F27D196310053EA91 /* SigninBackgroundViewController.swift in Sources */ = {isa = PBXBuildFile; fileRef = 5D03F46E27D196310053EA91 /* SigninBackgroundViewController.swift */; };
		5D3B6F0D27C742B700DF92D1 /* User.swift in Sources */ = {isa = PBXBuildFile; fileRef = 5D3B6F0C27C742B700DF92D1 /* User.swift */; };
		5D4E30D827B9EF3D001F8E41 /* SigninViewController.swift in Sources */ = {isa = PBXBuildFile; fileRef = 5D4E30D727B9EF3D001F8E41 /* SigninViewController.swift */; };
		5D4E30DA27BA0F66001F8E41 /* TabBarViewController.swift in Sources */ = {isa = PBXBuildFile; fileRef = 5D4E30D927BA0F66001F8E41 /* TabBarViewController.swift */; };
		5D4E30DE27BA1687001F8E41 /* SearchViewController.swift in Sources */ = {isa = PBXBuildFile; fileRef = 5D4E30DD27BA1687001F8E41 /* SearchViewController.swift */; };
		5D64320527B8BE300022536B /* AppDelegate.swift in Sources */ = {isa = PBXBuildFile; fileRef = 5D64320427B8BE300022536B /* AppDelegate.swift */; };
		5D64320727B8BE300022536B /* SceneDelegate.swift in Sources */ = {isa = PBXBuildFile; fileRef = 5D64320627B8BE300022536B /* SceneDelegate.swift */; };
		5D64320927B8BE300022536B /* FeedViewController.swift in Sources */ = {isa = PBXBuildFile; fileRef = 5D64320827B8BE300022536B /* FeedViewController.swift */; };
		5D64320C27B8BE300022536B /* Main.storyboard in Resources */ = {isa = PBXBuildFile; fileRef = 5D64320A27B8BE300022536B /* Main.storyboard */; };
		5D64320E27B8BE300022536B /* Assets.xcassets in Resources */ = {isa = PBXBuildFile; fileRef = 5D64320D27B8BE300022536B /* Assets.xcassets */; };
		5D64321127B8BE300022536B /* LaunchScreen.storyboard in Resources */ = {isa = PBXBuildFile; fileRef = 5D64320F27B8BE300022536B /* LaunchScreen.storyboard */; };
		5D77A02527C5E0AD0054BD71 /* TwitterAPI.swift in Sources */ = {isa = PBXBuildFile; fileRef = 5D77A02427C5E0AD0054BD71 /* TwitterAPI.swift */; };
		5D77A02927C60B9A0054BD71 /* ChartViewController.swift in Sources */ = {isa = PBXBuildFile; fileRef = 5D77A02827C60B9A0054BD71 /* ChartViewController.swift */; };
		5D77A02B27C60BD70054BD71 /* ConfigViewController.swift in Sources */ = {isa = PBXBuildFile; fileRef = 5D77A02A27C60BD70054BD71 /* ConfigViewController.swift */; };
		5D7B3A4727C8573A005F5A85 /* Feed.swift in Sources */ = {isa = PBXBuildFile; fileRef = 5D7B3A4627C8573A005F5A85 /* Feed.swift */; };
		5DB55C9A27BC981D003139EB /* Test.swift in Sources */ = {isa = PBXBuildFile; fileRef = 5DB55C9927BC981D003139EB /* Test.swift */; };
		5DBF646D27D04BF000206A59 /* VCProtocol.swift in Sources */ = {isa = PBXBuildFile; fileRef = 5DBF646C27D04BF000206A59 /* VCProtocol.swift */; };
		5DCA3A6F27BB4C8000A52A54 /* Tweet.swift in Sources */ = {isa = PBXBuildFile; fileRef = 5DCA3A6E27BB4C8000A52A54 /* Tweet.swift */; };
		5DCA3A7227BB4CF100A52A54 /* FeedTableViewCell.swift in Sources */ = {isa = PBXBuildFile; fileRef = 5DCA3A7127BB4CF100A52A54 /* FeedTableViewCell.swift */; };
		5DE3F0B527CC4B36002E9598 /* OAuthSwift in Frameworks */ = {isa = PBXBuildFile; productRef = 5DE3F0B427CC4B36002E9598 /* OAuthSwift */; };
		5DE3F0BA27CC9005002E9598 /* TwitterAPIProtocol.swift in Sources */ = {isa = PBXBuildFile; fileRef = 5DE3F0B927CC9005002E9598 /* TwitterAPIProtocol.swift */; };
/* End PBXBuildFile section */

/* Begin PBXFileReference section */
		5D03F46E27D196310053EA91 /* SigninBackgroundViewController.swift */ = {isa = PBXFileReference; lastKnownFileType = sourcecode.swift; path = SigninBackgroundViewController.swift; sourceTree = "<group>"; };
		5D3B6F0C27C742B700DF92D1 /* User.swift */ = {isa = PBXFileReference; lastKnownFileType = sourcecode.swift; path = User.swift; sourceTree = "<group>"; };
		5D4E30D727B9EF3D001F8E41 /* SigninViewController.swift */ = {isa = PBXFileReference; lastKnownFileType = sourcecode.swift; path = SigninViewController.swift; sourceTree = "<group>"; };
		5D4E30D927BA0F66001F8E41 /* TabBarViewController.swift */ = {isa = PBXFileReference; lastKnownFileType = sourcecode.swift; path = TabBarViewController.swift; sourceTree = "<group>"; };
		5D4E30DD27BA1687001F8E41 /* SearchViewController.swift */ = {isa = PBXFileReference; lastKnownFileType = sourcecode.swift; path = SearchViewController.swift; sourceTree = "<group>"; };
		5D64320127B8BE300022536B /* Twissue.app */ = {isa = PBXFileReference; explicitFileType = wrapper.application; includeInIndex = 0; path = Twissue.app; sourceTree = BUILT_PRODUCTS_DIR; };
		5D64320427B8BE300022536B /* AppDelegate.swift */ = {isa = PBXFileReference; lastKnownFileType = sourcecode.swift; path = AppDelegate.swift; sourceTree = "<group>"; };
		5D64320627B8BE300022536B /* SceneDelegate.swift */ = {isa = PBXFileReference; lastKnownFileType = sourcecode.swift; path = SceneDelegate.swift; sourceTree = "<group>"; };
		5D64320827B8BE300022536B /* FeedViewController.swift */ = {isa = PBXFileReference; lastKnownFileType = sourcecode.swift; path = FeedViewController.swift; sourceTree = "<group>"; };
		5D64320B27B8BE300022536B /* Base */ = {isa = PBXFileReference; lastKnownFileType = file.storyboard; name = Base; path = Base.lproj/Main.storyboard; sourceTree = "<group>"; };
		5D64320D27B8BE300022536B /* Assets.xcassets */ = {isa = PBXFileReference; lastKnownFileType = folder.assetcatalog; path = Assets.xcassets; sourceTree = "<group>"; };
		5D64321027B8BE300022536B /* Base */ = {isa = PBXFileReference; lastKnownFileType = file.storyboard; name = Base; path = Base.lproj/LaunchScreen.storyboard; sourceTree = "<group>"; };
		5D64321227B8BE300022536B /* Info.plist */ = {isa = PBXFileReference; lastKnownFileType = text.plist.xml; path = Info.plist; sourceTree = "<group>"; };
		5D77A02427C5E0AD0054BD71 /* TwitterAPI.swift */ = {isa = PBXFileReference; lastKnownFileType = sourcecode.swift; path = TwitterAPI.swift; sourceTree = "<group>"; };
		5D77A02827C60B9A0054BD71 /* ChartViewController.swift */ = {isa = PBXFileReference; lastKnownFileType = sourcecode.swift; path = ChartViewController.swift; sourceTree = "<group>"; };
		5D77A02A27C60BD70054BD71 /* ConfigViewController.swift */ = {isa = PBXFileReference; lastKnownFileType = sourcecode.swift; path = ConfigViewController.swift; sourceTree = "<group>"; };
		5D7B3A4627C8573A005F5A85 /* Feed.swift */ = {isa = PBXFileReference; lastKnownFileType = sourcecode.swift; path = Feed.swift; sourceTree = "<group>"; };
		5DB55C9927BC981D003139EB /* Test.swift */ = {isa = PBXFileReference; lastKnownFileType = sourcecode.swift; path = Test.swift; sourceTree = "<group>"; };
		5DBF646C27D04BF000206A59 /* VCProtocol.swift */ = {isa = PBXFileReference; lastKnownFileType = sourcecode.swift; path = VCProtocol.swift; sourceTree = "<group>"; };
		5DCA3A6E27BB4C8000A52A54 /* Tweet.swift */ = {isa = PBXFileReference; lastKnownFileType = sourcecode.swift; path = Tweet.swift; sourceTree = "<group>"; };
		5DCA3A7127BB4CF100A52A54 /* FeedTableViewCell.swift */ = {isa = PBXFileReference; lastKnownFileType = sourcecode.swift; path = FeedTableViewCell.swift; sourceTree = "<group>"; };
		5DE3F0B927CC9005002E9598 /* TwitterAPIProtocol.swift */ = {isa = PBXFileReference; lastKnownFileType = sourcecode.swift; path = TwitterAPIProtocol.swift; sourceTree = "<group>"; };
/* End PBXFileReference section */

/* Begin PBXFrameworksBuildPhase section */
		5D6431FE27B8BE300022536B /* Frameworks */ = {
			isa = PBXFrameworksBuildPhase;
			buildActionMask = 2147483647;
			files = (
				5DE3F0B527CC4B36002E9598 /* OAuthSwift in Frameworks */,
			);
			runOnlyForDeploymentPostprocessing = 0;
		};
/* End PBXFrameworksBuildPhase section */

/* Begin PBXGroup section */
		5D4E30D627B9EF1E001F8E41 /* Views */ = {
			isa = PBXGroup;
			children = (
				5DCA3A7027BB4CD300A52A54 /* Items */,
				5D4E30D927BA0F66001F8E41 /* TabBarViewController.swift */,
				5D64320827B8BE300022536B /* FeedViewController.swift */,
				5D4E30DD27BA1687001F8E41 /* SearchViewController.swift */,
				5D77A02827C60B9A0054BD71 /* ChartViewController.swift */,
				5D77A02A27C60BD70054BD71 /* ConfigViewController.swift */,
				5D03F46E27D196310053EA91 /* SigninBackgroundViewController.swift */,
				5D4E30D727B9EF3D001F8E41 /* SigninViewController.swift */,
			);
			path = Views;
			sourceTree = "<group>";
		};
		5D6431F827B8BE300022536B = {
			isa = PBXGroup;
			children = (
				5D64320327B8BE300022536B /* Twissue */,
				5D64320227B8BE300022536B /* Products */,
			);
			sourceTree = "<group>";
		};
		5D64320227B8BE300022536B /* Products */ = {
			isa = PBXGroup;
			children = (
				5D64320127B8BE300022536B /* Twissue.app */,
			);
			name = Products;
			sourceTree = "<group>";
		};
		5D64320327B8BE300022536B /* Twissue */ = {
			isa = PBXGroup;
			children = (
				5D64321227B8BE300022536B /* Info.plist */,
				5D64320427B8BE300022536B /* AppDelegate.swift */,
				5D64320627B8BE300022536B /* SceneDelegate.swift */,
				5DE3F0B927CC9005002E9598 /* TwitterAPIProtocol.swift */,
				5D77A02427C5E0AD0054BD71 /* TwitterAPI.swift */,
				5DBF646C27D04BF000206A59 /* VCProtocol.swift */,
				5D4E30D627B9EF1E001F8E41 /* Views */,
				5DCA3A6D27BB4C6800A52A54 /* Models */,
				5D64320A27B8BE300022536B /* Main.storyboard */,
				5D64320F27B8BE300022536B /* LaunchScreen.storyboard */,
				5D64320D27B8BE300022536B /* Assets.xcassets */,
				5DB55C9927BC981D003139EB /* Test.swift */,
			);
			path = Twissue;
			sourceTree = "<group>";
		};
		5DCA3A6D27BB4C6800A52A54 /* Models */ = {
			isa = PBXGroup;
			children = (
				5DCA3A6E27BB4C8000A52A54 /* Tweet.swift */,
				5D3B6F0C27C742B700DF92D1 /* User.swift */,
				5D7B3A4627C8573A005F5A85 /* Feed.swift */,
			);
			path = Models;
			sourceTree = "<group>";
		};
		5DCA3A7027BB4CD300A52A54 /* Items */ = {
			isa = PBXGroup;
			children = (
				5DCA3A7127BB4CF100A52A54 /* FeedTableViewCell.swift */,
			);
			path = Items;
			sourceTree = "<group>";
		};
/* End PBXGroup section */

/* Begin PBXNativeTarget section */
		5D64320027B8BE300022536B /* Twissue */ = {
			isa = PBXNativeTarget;
			buildConfigurationList = 5D64321527B8BE300022536B /* Build configuration list for PBXNativeTarget "Twissue" */;
			buildPhases = (
				5D6431FD27B8BE300022536B /* Sources */,
				5D6431FE27B8BE300022536B /* Frameworks */,
				5D6431FF27B8BE300022536B /* Resources */,
			);
			buildRules = (
			);
			dependencies = (
			);
			name = Twissue;
			packageProductDependencies = (
				5DE3F0B427CC4B36002E9598 /* OAuthSwift */,
			);
			productName = Twissue;
			productReference = 5D64320127B8BE300022536B /* Twissue.app */;
			productType = "com.apple.product-type.application";
		};
/* End PBXNativeTarget section */

/* Begin PBXProject section */
		5D6431F927B8BE300022536B /* Project object */ = {
			isa = PBXProject;
			attributes = {
				BuildIndependentTargetsInParallel = 1;
				LastSwiftUpdateCheck = 1320;
				LastUpgradeCheck = 1320;
				TargetAttributes = {
					5D64320027B8BE300022536B = {
						CreatedOnToolsVersion = 13.2.1;
					};
				};
			};
			buildConfigurationList = 5D6431FC27B8BE300022536B /* Build configuration list for PBXProject "Twissue" */;
			compatibilityVersion = "Xcode 13.0";
			developmentRegion = en;
			hasScannedForEncodings = 0;
			knownRegions = (
				en,
				Base,
			);
			mainGroup = 5D6431F827B8BE300022536B;
			packageReferences = (
				5DE3F0B327CC4B36002E9598 /* XCRemoteSwiftPackageReference "OAuthSwift" */,
			);
			productRefGroup = 5D64320227B8BE300022536B /* Products */;
			projectDirPath = "";
			projectRoot = "";
			targets = (
				5D64320027B8BE300022536B /* Twissue */,
			);
		};
/* End PBXProject section */

/* Begin PBXResourcesBuildPhase section */
		5D6431FF27B8BE300022536B /* Resources */ = {
			isa = PBXResourcesBuildPhase;
			buildActionMask = 2147483647;
			files = (
				5D64321127B8BE300022536B /* LaunchScreen.storyboard in Resources */,
				5D64320E27B8BE300022536B /* Assets.xcassets in Resources */,
				5D64320C27B8BE300022536B /* Main.storyboard in Resources */,
			);
			runOnlyForDeploymentPostprocessing = 0;
		};
/* End PBXResourcesBuildPhase section */

/* Begin PBXSourcesBuildPhase section */
		5D6431FD27B8BE300022536B /* Sources */ = {
			isa = PBXSourcesBuildPhase;
			buildActionMask = 2147483647;
			files = (
				5D3B6F0D27C742B700DF92D1 /* User.swift in Sources */,
				5D64320927B8BE300022536B /* FeedViewController.swift in Sources */,
				5D03F46F27D196310053EA91 /* SigninBackgroundViewController.swift in Sources */,
				5D4E30DE27BA1687001F8E41 /* SearchViewController.swift in Sources */,
				5D7B3A4727C8573A005F5A85 /* Feed.swift in Sources */,
				5DCA3A6F27BB4C8000A52A54 /* Tweet.swift in Sources */,
				5D64320527B8BE300022536B /* AppDelegate.swift in Sources */,
				5D77A02527C5E0AD0054BD71 /* TwitterAPI.swift in Sources */,
				5D77A02B27C60BD70054BD71 /* ConfigViewController.swift in Sources */,
				5D77A02927C60B9A0054BD71 /* ChartViewController.swift in Sources */,
				5DB55C9A27BC981D003139EB /* Test.swift in Sources */,
				5D4E30D827B9EF3D001F8E41 /* SigninViewController.swift in Sources */,
				5D4E30DA27BA0F66001F8E41 /* TabBarViewController.swift in Sources */,
				5D64320727B8BE300022536B /* SceneDelegate.swift in Sources */,
				5DE3F0BA27CC9005002E9598 /* TwitterAPIProtocol.swift in Sources */,
				5DCA3A7227BB4CF100A52A54 /* FeedTableViewCell.swift in Sources */,
				5DBF646D27D04BF000206A59 /* VCProtocol.swift in Sources */,
			);
			runOnlyForDeploymentPostprocessing = 0;
		};
/* End PBXSourcesBuildPhase section */

/* Begin PBXVariantGroup section */
		5D64320A27B8BE300022536B /* Main.storyboard */ = {
			isa = PBXVariantGroup;
			children = (
				5D64320B27B8BE300022536B /* Base */,
			);
			name = Main.storyboard;
			sourceTree = "<group>";
		};
		5D64320F27B8BE300022536B /* LaunchScreen.storyboard */ = {
			isa = PBXVariantGroup;
			children = (
				5D64321027B8BE300022536B /* Base */,
			);
			name = LaunchScreen.storyboard;
			sourceTree = "<group>";
		};
/* End PBXVariantGroup section */

/* Begin XCBuildConfiguration section */
		5D64321327B8BE300022536B /* Debug */ = {
			isa = XCBuildConfiguration;
			buildSettings = {
				ALWAYS_SEARCH_USER_PATHS = NO;
				CLANG_ANALYZER_NONNULL = YES;
				CLANG_ANALYZER_NUMBER_OBJECT_CONVERSION = YES_AGGRESSIVE;
				CLANG_CXX_LANGUAGE_STANDARD = "gnu++17";
				CLANG_CXX_LIBRARY = "libc++";
				CLANG_ENABLE_MODULES = YES;
				CLANG_ENABLE_OBJC_ARC = YES;
				CLANG_ENABLE_OBJC_WEAK = YES;
				CLANG_WARN_BLOCK_CAPTURE_AUTORELEASING = YES;
				CLANG_WARN_BOOL_CONVERSION = YES;
				CLANG_WARN_COMMA = YES;
				CLANG_WARN_CONSTANT_CONVERSION = YES;
				CLANG_WARN_DEPRECATED_OBJC_IMPLEMENTATIONS = YES;
				CLANG_WARN_DIRECT_OBJC_ISA_USAGE = YES_ERROR;
				CLANG_WARN_DOCUMENTATION_COMMENTS = YES;
				CLANG_WARN_EMPTY_BODY = YES;
				CLANG_WARN_ENUM_CONVERSION = YES;
				CLANG_WARN_INFINITE_RECURSION = YES;
				CLANG_WARN_INT_CONVERSION = YES;
				CLANG_WARN_NON_LITERAL_NULL_CONVERSION = YES;
				CLANG_WARN_OBJC_IMPLICIT_RETAIN_SELF = YES;
				CLANG_WARN_OBJC_LITERAL_CONVERSION = YES;
				CLANG_WARN_OBJC_ROOT_CLASS = YES_ERROR;
				CLANG_WARN_QUOTED_INCLUDE_IN_FRAMEWORK_HEADER = YES;
				CLANG_WARN_RANGE_LOOP_ANALYSIS = YES;
				CLANG_WARN_STRICT_PROTOTYPES = YES;
				CLANG_WARN_SUSPICIOUS_MOVE = YES;
				CLANG_WARN_UNGUARDED_AVAILABILITY = YES_AGGRESSIVE;
				CLANG_WARN_UNREACHABLE_CODE = YES;
				CLANG_WARN__DUPLICATE_METHOD_MATCH = YES;
				COPY_PHASE_STRIP = NO;
				DEBUG_INFORMATION_FORMAT = dwarf;
				ENABLE_STRICT_OBJC_MSGSEND = YES;
				ENABLE_TESTABILITY = YES;
				GCC_C_LANGUAGE_STANDARD = gnu11;
				GCC_DYNAMIC_NO_PIC = NO;
				GCC_NO_COMMON_BLOCKS = YES;
				GCC_OPTIMIZATION_LEVEL = 0;
				GCC_PREPROCESSOR_DEFINITIONS = (
					"DEBUG=1",
					"$(inherited)",
				);
				GCC_WARN_64_TO_32_BIT_CONVERSION = YES;
				GCC_WARN_ABOUT_RETURN_TYPE = YES_ERROR;
				GCC_WARN_UNDECLARED_SELECTOR = YES;
				GCC_WARN_UNINITIALIZED_AUTOS = YES_AGGRESSIVE;
				GCC_WARN_UNUSED_FUNCTION = YES;
				GCC_WARN_UNUSED_VARIABLE = YES;
				IPHONEOS_DEPLOYMENT_TARGET = 15.2;
				MTL_ENABLE_DEBUG_INFO = INCLUDE_SOURCE;
				MTL_FAST_MATH = YES;
				ONLY_ACTIVE_ARCH = YES;
				SDKROOT = iphoneos;
				SWIFT_ACTIVE_COMPILATION_CONDITIONS = DEBUG;
				SWIFT_OPTIMIZATION_LEVEL = "-Onone";
			};
			name = Debug;
		};
		5D64321427B8BE300022536B /* Release */ = {
			isa = XCBuildConfiguration;
			buildSettings = {
				ALWAYS_SEARCH_USER_PATHS = NO;
				CLANG_ANALYZER_NONNULL = YES;
				CLANG_ANALYZER_NUMBER_OBJECT_CONVERSION = YES_AGGRESSIVE;
				CLANG_CXX_LANGUAGE_STANDARD = "gnu++17";
				CLANG_CXX_LIBRARY = "libc++";
				CLANG_ENABLE_MODULES = YES;
				CLANG_ENABLE_OBJC_ARC = YES;
				CLANG_ENABLE_OBJC_WEAK = YES;
				CLANG_WARN_BLOCK_CAPTURE_AUTORELEASING = YES;
				CLANG_WARN_BOOL_CONVERSION = YES;
				CLANG_WARN_COMMA = YES;
				CLANG_WARN_CONSTANT_CONVERSION = YES;
				CLANG_WARN_DEPRECATED_OBJC_IMPLEMENTATIONS = YES;
				CLANG_WARN_DIRECT_OBJC_ISA_USAGE = YES_ERROR;
				CLANG_WARN_DOCUMENTATION_COMMENTS = YES;
				CLANG_WARN_EMPTY_BODY = YES;
				CLANG_WARN_ENUM_CONVERSION = YES;
				CLANG_WARN_INFINITE_RECURSION = YES;
				CLANG_WARN_INT_CONVERSION = YES;
				CLANG_WARN_NON_LITERAL_NULL_CONVERSION = YES;
				CLANG_WARN_OBJC_IMPLICIT_RETAIN_SELF = YES;
				CLANG_WARN_OBJC_LITERAL_CONVERSION = YES;
				CLANG_WARN_OBJC_ROOT_CLASS = YES_ERROR;
				CLANG_WARN_QUOTED_INCLUDE_IN_FRAMEWORK_HEADER = YES;
				CLANG_WARN_RANGE_LOOP_ANALYSIS = YES;
				CLANG_WARN_STRICT_PROTOTYPES = YES;
				CLANG_WARN_SUSPICIOUS_MOVE = YES;
				CLANG_WARN_UNGUARDED_AVAILABILITY = YES_AGGRESSIVE;
				CLANG_WARN_UNREACHABLE_CODE = YES;
				CLANG_WARN__DUPLICATE_METHOD_MATCH = YES;
				COPY_PHASE_STRIP = NO;
				DEBUG_INFORMATION_FORMAT = "dwarf-with-dsym";
				ENABLE_NS_ASSERTIONS = NO;
				ENABLE_STRICT_OBJC_MSGSEND = YES;
				GCC_C_LANGUAGE_STANDARD = gnu11;
				GCC_NO_COMMON_BLOCKS = YES;
				GCC_WARN_64_TO_32_BIT_CONVERSION = YES;
				GCC_WARN_ABOUT_RETURN_TYPE = YES_ERROR;
				GCC_WARN_UNDECLARED_SELECTOR = YES;
				GCC_WARN_UNINITIALIZED_AUTOS = YES_AGGRESSIVE;
				GCC_WARN_UNUSED_FUNCTION = YES;
				GCC_WARN_UNUSED_VARIABLE = YES;
				IPHONEOS_DEPLOYMENT_TARGET = 15.2;
				MTL_ENABLE_DEBUG_INFO = NO;
				MTL_FAST_MATH = YES;
				SDKROOT = iphoneos;
				SWIFT_COMPILATION_MODE = wholemodule;
				SWIFT_OPTIMIZATION_LEVEL = "-O";
				VALIDATE_PRODUCT = YES;
			};
			name = Release;
		};
		5D64321627B8BE300022536B /* Debug */ = {
			isa = XCBuildConfiguration;
			buildSettings = {
				ASSETCATALOG_COMPILER_APPICON_NAME = AppIcon;
				ASSETCATALOG_COMPILER_GLOBAL_ACCENT_COLOR_NAME = AccentColor;
				CODE_SIGN_STYLE = Automatic;
				CURRENT_PROJECT_VERSION = 1;
				DEVELOPMENT_TEAM = Y5984QYT9S;
				GENERATE_INFOPLIST_FILE = YES;
				INFOPLIST_FILE = Twissue/Info.plist;
				INFOPLIST_KEY_UIApplicationSupportsIndirectInputEvents = YES;
				INFOPLIST_KEY_UILaunchStoryboardName = LaunchScreen;
				INFOPLIST_KEY_UIMainStoryboardFile = Main;
				INFOPLIST_KEY_UIRequiresFullScreen = NO;
				INFOPLIST_KEY_UIStatusBarHidden = NO;
				INFOPLIST_KEY_UISupportedInterfaceOrientations = "";
				INFOPLIST_KEY_UISupportedInterfaceOrientations_iPad = "UIInterfaceOrientationPortrait UIInterfaceOrientationPortraitUpsideDown UIInterfaceOrientationLandscapeLeft UIInterfaceOrientationLandscapeRight";
				INFOPLIST_KEY_UISupportedInterfaceOrientations_iPhone = "UIInterfaceOrientationPortrait UIInterfaceOrientationLandscapeLeft UIInterfaceOrientationLandscapeRight";
				LD_RUNPATH_SEARCH_PATHS = (
					"$(inherited)",
					"@executable_path/Frameworks",
				);
				MARKETING_VERSION = 1.0;
				PRODUCT_BUNDLE_IDENTIFIER = deforeturn.Twissue;
				PRODUCT_NAME = "$(TARGET_NAME)";
				SWIFT_EMIT_LOC_STRINGS = YES;
				SWIFT_VERSION = 5.0;
				TARGETED_DEVICE_FAMILY = "1,2";
			};
			name = Debug;
		};
		5D64321727B8BE300022536B /* Release */ = {
			isa = XCBuildConfiguration;
			buildSettings = {
				ASSETCATALOG_COMPILER_APPICON_NAME = AppIcon;
				ASSETCATALOG_COMPILER_GLOBAL_ACCENT_COLOR_NAME = AccentColor;
				CODE_SIGN_STYLE = Automatic;
				CURRENT_PROJECT_VERSION = 1;
				DEVELOPMENT_TEAM = Y5984QYT9S;
				GENERATE_INFOPLIST_FILE = YES;
				INFOPLIST_FILE = Twissue/Info.plist;
				INFOPLIST_KEY_UIApplicationSupportsIndirectInputEvents = YES;
				INFOPLIST_KEY_UILaunchStoryboardName = LaunchScreen;
				INFOPLIST_KEY_UIMainStoryboardFile = Main;
				INFOPLIST_KEY_UIRequiresFullScreen = NO;
				INFOPLIST_KEY_UIStatusBarHidden = NO;
				INFOPLIST_KEY_UISupportedInterfaceOrientations = "";
				INFOPLIST_KEY_UISupportedInterfaceOrientations_iPad = "UIInterfaceOrientationPortrait UIInterfaceOrientationPortraitUpsideDown UIInterfaceOrientationLandscapeLeft UIInterfaceOrientationLandscapeRight";
				INFOPLIST_KEY_UISupportedInterfaceOrientations_iPhone = "UIInterfaceOrientationPortrait UIInterfaceOrientationLandscapeLeft UIInterfaceOrientationLandscapeRight";
				LD_RUNPATH_SEARCH_PATHS = (
					"$(inherited)",
					"@executable_path/Frameworks",
				);
				MARKETING_VERSION = 1.0;
				PRODUCT_BUNDLE_IDENTIFIER = deforeturn.Twissue;
				PRODUCT_NAME = "$(TARGET_NAME)";
				SWIFT_EMIT_LOC_STRINGS = YES;
				SWIFT_VERSION = 5.0;
				TARGETED_DEVICE_FAMILY = "1,2";
			};
			name = Release;
		};
/* End XCBuildConfiguration section */

/* Begin XCConfigurationList section */
		5D6431FC27B8BE300022536B /* Build configuration list for PBXProject "Twissue" */ = {
			isa = XCConfigurationList;
			buildConfigurations = (
				5D64321327B8BE300022536B /* Debug */,
				5D64321427B8BE300022536B /* Release */,
			);
			defaultConfigurationIsVisible = 0;
			defaultConfigurationName = Release;
		};
		5D64321527B8BE300022536B /* Build configuration list for PBXNativeTarget "Twissue" */ = {
			isa = XCConfigurationList;
			buildConfigurations = (
				5D64321627B8BE300022536B /* Debug */,
				5D64321727B8BE300022536B /* Release */,
			);
			defaultConfigurationIsVisible = 0;
			defaultConfigurationName = Release;
		};
/* End XCConfigurationList section */

/* Begin XCRemoteSwiftPackageReference section */
		5DE3F0B327CC4B36002E9598 /* XCRemoteSwiftPackageReference "OAuthSwift" */ = {
			isa = XCRemoteSwiftPackageReference;
			repositoryURL = "https://github.com/OAuthSwift/OAuthSwift";
			requirement = {
				branch = master;
				kind = branch;
			};
		};
/* End XCRemoteSwiftPackageReference section */

/* Begin XCSwiftPackageProductDependency section */
		5DE3F0B427CC4B36002E9598 /* OAuthSwift */ = {
			isa = XCSwiftPackageProductDependency;
			package = 5DE3F0B327CC4B36002E9598 /* XCRemoteSwiftPackageReference "OAuthSwift" */;
			productName = OAuthSwift;
		};
/* End XCSwiftPackageProductDependency section */
	};
	rootObject = 5D6431F927B8BE300022536B /* Project object */;
}
